
Microsoft Visual Studio Solution File, Format Version 12.00
# Visual Studio Version 16
VisualStudioVersion = 16.0.30413.136
MinimumVisualStudioVersion = 10.0.40219.1
Project("{FAE04EC0-301F-11D3-BF4B-00C04F79EFBC}") = "MyPuzzleGame", "MyPuzzleGame\MyPuzzleGame.csproj", "{CA5930B2-B77F-494B-995F-6CC5FC510B9E}"
EndProject
Global
	GlobalSection(SolutionConfigurationPlatforms) = preSolution
		Debug|Any CPU = Debug|Any CPU
		Release|Any CPU = Release|Any CPU
	EndGlobalSection
	GlobalSection(ProjectConfigurationPlatforms) = postSolution
		{CA5930B2-B77F-494B-995F-6CC5FC510B9E}.Debug|Any CPU.ActiveCfg = Debug|Any CPU
		{CA5930B2-B77F-494B-995F-6CC5FC510B9E}.Debug|Any CPU.Build.0 = Debug|Any CPU
		{CA5930B2-B77F-494B-995F-6CC5FC510B9E}.Release|Any CPU.ActiveCfg = Release|Any CPU
		{CA5930B2-B77F-494B-995F-6CC5FC510B9E}.Release|Any CPU.Build.0 = Release|Any CPU
	EndGlobalSection
	GlobalSection(SolutionProperties) = preSolution
		HideSolutionNode = FALSE
	EndGlobalSection
	GlobalSection(ExtensibilityGlobals) = postSolution
		SolutionGuid = {BB4AFFC6-08A1-4F39-A886-24CCEC8A1D40}
	EndGlobalSection
EndGlobal
